{
  "name": "frameworkchall",
  "version": "1.0.0",
  "lockfileVersion": 3,
  "requires": true,
  "packages": {
    "": {
      "name": "frameworkchall",
      "version": "1.0.0",
      "license": "ISC",
      "dependencies": {
        "98.css": "^0.1.21"
      }
    },
    "node_modules/98.css": {
      "version": "0.1.21",
      "resolved": "https://registry.npmjs.org/98.css/-/98.css-0.1.21.tgz",
      "integrity": "sha512-ddk5qtUWyapM0Bzd5jwGExoE5fdSEGrP+F5VbYjyZLf2c9UVmn6w2NPTvCsoD4BWdGsjdLjlkQGhWwWTJcYQJQ==",
      "license": "MIT"
    }
  }
}
